
Microsoft Visual Studio Solution File, Format Version 12.00
Project("{FAE04EC0-301F-11D3-BF4B-00C04F79EFBC}") = "truckspot-api", "truckspot-api\truckspot-api.csproj", "{418C7C8E-E4F5-4BCE-A6B8-B77AB3FB59EF}"
EndProject
Global
	GlobalSection(SolutionConfigurationPlatforms) = preSolution
		Debug|Any CPU = Debug|Any CPU
		Release|Any CPU = Release|Any CPU
	EndGlobalSection
	GlobalSection(ProjectConfigurationPlatforms) = postSolution
		{418C7C8E-E4F5-4BCE-A6B8-B77AB3FB59EF}.Debug|Any CPU.ActiveCfg = Debug|Any CPU
		{418C7C8E-E4F5-4BCE-A6B8-B77AB3FB59EF}.Debug|Any CPU.Build.0 = Debug|Any CPU
		{418C7C8E-E4F5-4BCE-A6B8-B77AB3FB59EF}.Release|Any CPU.ActiveCfg = Release|Any CPU
		{418C7C8E-E4F5-4BCE-A6B8-B77AB3FB59EF}.Release|Any CPU.Build.0 = Release|Any CPU
	EndGlobalSection
EndGlobal
